// !$*UTF8*$!
{
	archiveVersion = 1;
	classes = {
	};
	objectVersion = 55;
	objects = {

/* Begin PBXBuildFile section */
		59FBFB3A279AC6E1005EA062 /* AppDelegate.swift in Sources */ = {isa = PBXBuildFile; fileRef = 59FBFB39279AC6E1005EA062 /* AppDelegate.swift */; };
		59FBFB3C279AC6E1005EA062 /* SceneDelegate.swift in Sources */ = {isa = PBXBuildFile; fileRef = 59FBFB3B279AC6E1005EA062 /* SceneDelegate.swift */; };
		59FBFB41279AC6E1005EA062 /* Main.storyboard in Resources */ = {isa = PBXBuildFile; fileRef = 59FBFB3F279AC6E1005EA062 /* Main.storyboard */; };
		59FBFB43279AC6E5005EA062 /* Assets.xcassets in Resources */ = {isa = PBXBuildFile; fileRef = 59FBFB42279AC6E5005EA062 /* Assets.xcassets */; };
		59FBFB46279AC6E5005EA062 /* LaunchScreen.storyboard in Resources */ = {isa = PBXBuildFile; fileRef = 59FBFB44279AC6E5005EA062 /* LaunchScreen.storyboard */; };
		59FBFB57279ACE65005EA062 /* CharacterTableViewController.swift in Sources */ = {isa = PBXBuildFile; fileRef = 59FBFB56279ACE65005EA062 /* CharacterTableViewController.swift */; };
		59FBFB5B279ACEBF005EA062 /* CustomTableViewCell.swift in Sources */ = {isa = PBXBuildFile; fileRef = 59FBFB5A279ACEBF005EA062 /* CustomTableViewCell.swift */; };
		59FBFB5D279AD3DC005EA062 /* CharacterDetailsViewController.swift in Sources */ = {isa = PBXBuildFile; fileRef = 59FBFB5C279AD3DC005EA062 /* CharacterDetailsViewController.swift */; };
		59FBFB5F279AE6B8005EA062 /* RickAndMorty.swift in Sources */ = {isa = PBXBuildFile; fileRef = 59FBFB5E279AE6B8005EA062 /* RickAndMorty.swift */; };
		59FBFB61279AECA9005EA062 /* NetworkManager.swift in Sources */ = {isa = PBXBuildFile; fileRef = 59FBFB60279AECA9005EA062 /* NetworkManager.swift */; };
		59FBFB63279EB890005EA062 /* EpisodesTableViewController.swift in Sources */ = {isa = PBXBuildFile; fileRef = 59FBFB62279EB88F005EA062 /* EpisodesTableViewController.swift */; };
/* End PBXBuildFile section */

/* Begin PBXFileReference section */
		59FBFB36279AC6E1005EA062 /* RickAndMortyApp.app */ = {isa = PBXFileReference; explicitFileType = wrapper.application; includeInIndex = 0; path = RickAndMortyApp.app; sourceTree = BUILT_PRODUCTS_DIR; };
		59FBFB39279AC6E1005EA062 /* AppDelegate.swift */ = {isa = PBXFileReference; lastKnownFileType = sourcecode.swift; path = AppDelegate.swift; sourceTree = "<group>"; };
		59FBFB3B279AC6E1005EA062 /* SceneDelegate.swift */ = {isa = PBXFileReference; lastKnownFileType = sourcecode.swift; path = SceneDelegate.swift; sourceTree = "<group>"; };
		59FBFB40279AC6E1005EA062 /* Base */ = {isa = PBXFileReference; lastKnownFileType = file.storyboard; name = Base; path = Base.lproj/Main.storyboard; sourceTree = "<group>"; };
		59FBFB42279AC6E5005EA062 /* Assets.xcassets */ = {isa = PBXFileReference; lastKnownFileType = folder.assetcatalog; path = Assets.xcassets; sourceTree = "<group>"; };
		59FBFB45279AC6E5005EA062 /* Base */ = {isa = PBXFileReference; lastKnownFileType = file.storyboard; name = Base; path = Base.lproj/LaunchScreen.storyboard; sourceTree = "<group>"; };
		59FBFB47279AC6E5005EA062 /* Info.plist */ = {isa = PBXFileReference; lastKnownFileType = text.plist.xml; path = Info.plist; sourceTree = "<group>"; };
		59FBFB56279ACE65005EA062 /* CharacterTableViewController.swift */ = {isa = PBXFileReference; lastKnownFileType = sourcecode.swift; path = CharacterTableViewController.swift; sourceTree = "<group>"; };
		59FBFB5A279ACEBF005EA062 /* CustomTableViewCell.swift */ = {isa = PBXFileReference; lastKnownFileType = sourcecode.swift; path = CustomTableViewCell.swift; sourceTree = "<group>"; };
		59FBFB5C279AD3DC005EA062 /* CharacterDetailsViewController.swift */ = {isa = PBXFileReference; lastKnownFileType = sourcecode.swift; path = CharacterDetailsViewController.swift; sourceTree = "<group>"; };
		59FBFB5E279AE6B8005EA062 /* RickAndMorty.swift */ = {isa = PBXFileReference; lastKnownFileType = sourcecode.swift; path = RickAndMorty.swift; sourceTree = "<group>"; };
		59FBFB60279AECA9005EA062 /* NetworkManager.swift */ = {isa = PBXFileReference; lastKnownFileType = sourcecode.swift; path = NetworkManager.swift; sourceTree = "<group>"; };
		59FBFB62279EB88F005EA062 /* EpisodesTableViewController.swift */ = {isa = PBXFileReference; lastKnownFileType = sourcecode.swift; path = EpisodesTableViewController.swift; sourceTree = "<group>"; };
/* End PBXFileReference section */

/* Begin PBXFrameworksBuildPhase section */
		59FBFB33279AC6E1005EA062 /* Frameworks */ = {
			isa = PBXFrameworksBuildPhase;
			buildActionMask = 2147483647;
			files = (
			);
			runOnlyForDeploymentPostprocessing = 0;
		};
/* End PBXFrameworksBuildPhase section */

/* Begin PBXGroup section */
		59FBFB2D279AC6E1005EA062 = {
			isa = PBXGroup;
			children = (
				59FBFB38279AC6E1005EA062 /* RickAndMortyApp */,
				59FBFB37279AC6E1005EA062 /* Products */,
			);
			sourceTree = "<group>";
		};
		59FBFB37279AC6E1005EA062 /* Products */ = {
			isa = PBXGroup;
			children = (
				59FBFB36279AC6E1005EA062 /* RickAndMortyApp.app */,
			);
			name = Products;
			sourceTree = "<group>";
		};
		59FBFB38279AC6E1005EA062 /* RickAndMortyApp */ = {
			isa = PBXGroup;
			children = (
				59FBFB55279AC9B3005EA062 /* Storyboards */,
				59FBFB4D279AC741005EA062 /* ViewControllers */,
				59FBFB54279AC85B005EA062 /* Views */,
				59FBFB51279AC7D3005EA062 /* Services */,
				59FBFB52279AC7DD005EA062 /* Models */,
				59FBFB4E279AC75B005EA062 /* SupportFiles */,
				59FBFB50279AC78B005EA062 /* Recources */,
			);
			path = RickAndMortyApp;
			sourceTree = "<group>";
		};
		59FBFB4D279AC741005EA062 /* ViewControllers */ = {
			isa = PBXGroup;
			children = (
				59FBFB56279ACE65005EA062 /* CharacterTableViewController.swift */,
				59FBFB5C279AD3DC005EA062 /* CharacterDetailsViewController.swift */,
				59FBFB62279EB88F005EA062 /* EpisodesTableViewController.swift */,
			);
			path = ViewControllers;
			sourceTree = "<group>";
		};
		59FBFB4E279AC75B005EA062 /* SupportFiles */ = {
			isa = PBXGroup;
			children = (
				59FBFB39279AC6E1005EA062 /* AppDelegate.swift */,
				59FBFB3B279AC6E1005EA062 /* SceneDelegate.swift */,
				59FBFB47279AC6E5005EA062 /* Info.plist */,
			);
			path = SupportFiles;
			sourceTree = "<group>";
		};
		59FBFB50279AC78B005EA062 /* Recources */ = {
			isa = PBXGroup;
			children = (
				59FBFB42279AC6E5005EA062 /* Assets.xcassets */,
			);
			path = Recources;
			sourceTree = "<group>";
		};
		59FBFB51279AC7D3005EA062 /* Services */ = {
			isa = PBXGroup;
			children = (
				59FBFB60279AECA9005EA062 /* NetworkManager.swift */,
			);
			path = Services;
			sourceTree = "<group>";
		};
		59FBFB52279AC7DD005EA062 /* Models */ = {
			isa = PBXGroup;
			children = (
				59FBFB5E279AE6B8005EA062 /* RickAndMorty.swift */,
			);
			path = Models;
			sourceTree = "<group>";
		};
		59FBFB54279AC85B005EA062 /* Views */ = {
			isa = PBXGroup;
			children = (
				59FBFB5A279ACEBF005EA062 /* CustomTableViewCell.swift */,
			);
			path = Views;
			sourceTree = "<group>";
		};
		59FBFB55279AC9B3005EA062 /* Storyboards */ = {
			isa = PBXGroup;
			children = (
				59FBFB3F279AC6E1005EA062 /* Main.storyboard */,
				59FBFB44279AC6E5005EA062 /* LaunchScreen.storyboard */,
			);
			path = Storyboards;
			sourceTree = "<group>";
		};
/* End PBXGroup section */

/* Begin PBXNativeTarget section */
		59FBFB35279AC6E1005EA062 /* RickAndMortyApp */ = {
			isa = PBXNativeTarget;
			buildConfigurationList = 59FBFB4A279AC6E5005EA062 /* Build configuration list for PBXNativeTarget "RickAndMortyApp" */;
			buildPhases = (
				59FBFB32279AC6E1005EA062 /* Sources */,
				59FBFB33279AC6E1005EA062 /* Frameworks */,
				59FBFB34279AC6E1005EA062 /* Resources */,
			);
			buildRules = (
			);
			dependencies = (
			);
			name = RickAndMortyApp;
			productName = RickAndMortyApp;
			productReference = 59FBFB36279AC6E1005EA062 /* RickAndMortyApp.app */;
			productType = "com.apple.product-type.application";
		};
/* End PBXNativeTarget section */

/* Begin PBXProject section */
		59FBFB2E279AC6E1005EA062 /* Project object */ = {
			isa = PBXProject;
			attributes = {
				BuildIndependentTargetsInParallel = 1;
				LastSwiftUpdateCheck = 1320;
				LastUpgradeCheck = 1320;
				TargetAttributes = {
					59FBFB35279AC6E1005EA062 = {
						CreatedOnToolsVersion = 13.2.1;
					};
				};
			};
			buildConfigurationList = 59FBFB31279AC6E1005EA062 /* Build configuration list for PBXProject "RickAndMortyApp" */;
			compatibilityVersion = "Xcode 13.0";
			developmentRegion = en;
			hasScannedForEncodings = 0;
			knownRegions = (
				en,
				Base,
			);
			mainGroup = 59FBFB2D279AC6E1005EA062;
			productRefGroup = 59FBFB37279AC6E1005EA062 /* Products */;
			projectDirPath = "";
			projectRoot = "";
			targets = (
				59FBFB35279AC6E1005EA062 /* RickAndMortyApp */,
			);
		};
/* End PBXProject section */

/* Begin PBXResourcesBuildPhase section */
		59FBFB34279AC6E1005EA062 /* Resources */ = {
			isa = PBXResourcesBuildPhase;
			buildActionMask = 2147483647;
			files = (
				59FBFB46279AC6E5005EA062 /* LaunchScreen.storyboard in Resources */,
				59FBFB43279AC6E5005EA062 /* Assets.xcassets in Resources */,
				59FBFB41279AC6E1005EA062 /* Main.storyboard in Resources */,
			);
			runOnlyForDeploymentPostprocessing = 0;
		};
/* End PBXResourcesBuildPhase section */

/* Begin PBXSourcesBuildPhase section */
		59FBFB32279AC6E1005EA062 /* Sources */ = {
			isa = PBXSourcesBuildPhase;
			buildActionMask = 2147483647;
			files = (
				59FBFB5F279AE6B8005EA062 /* RickAndMorty.swift in Sources */,
				59FBFB3A279AC6E1005EA062 /* AppDelegate.swift in Sources */,
				59FBFB57279ACE65005EA062 /* CharacterTableViewController.swift in Sources */,
				59FBFB61279AECA9005EA062 /* NetworkManager.swift in Sources */,
				59FBFB5D279AD3DC005EA062 /* CharacterDetailsViewController.swift in Sources */,
				59FBFB63279EB890005EA062 /* EpisodesTableViewController.swift in Sources */,
				59FBFB5B279ACEBF005EA062 /* CustomTableViewCell.swift in Sources */,
				59FBFB3C279AC6E1005EA062 /* SceneDelegate.swift in Sources */,
			);
			runOnlyForDeploymentPostprocessing = 0;
		};
/* End PBXSourcesBuildPhase section */

/* Begin PBXVariantGroup section */
		59FBFB3F279AC6E1005EA062 /* Main.storyboard */ = {
			isa = PBXVariantGroup;
			children = (
				59FBFB40279AC6E1005EA062 /* Base */,
			);
			name = Main.storyboard;
			sourceTree = "<group>";
		};
		59FBFB44279AC6E5005EA062 /* LaunchScreen.storyboard */ = {
			isa = PBXVariantGroup;
			children = (
				59FBFB45279AC6E5005EA062 /* Base */,
			);
			name = LaunchScreen.storyboard;
			sourceTree = "<group>";
		};
/* End PBXVariantGroup section */

/* Begin XCBuildConfiguration section */
		59FBFB48279AC6E5005EA062 /* Debug */ = {
			isa = XCBuildConfiguration;
			buildSettings = {
				ALWAYS_SEARCH_USER_PATHS = NO;
				CLANG_ANALYZER_NONNULL = YES;
				CLANG_ANALYZER_NUMBER_OBJECT_CONVERSION = YES_AGGRESSIVE;
				CLANG_CXX_LANGUAGE_STANDARD = "gnu++17";
				CLANG_CXX_LIBRARY = "libc++";
				CLANG_ENABLE_MODULES = YES;
				CLANG_ENABLE_OBJC_ARC = YES;
				CLANG_ENABLE_OBJC_WEAK = YES;
				CLANG_WARN_BLOCK_CAPTURE_AUTORELEASING = YES;
				CLANG_WARN_BOOL_CONVERSION = YES;
				CLANG_WARN_COMMA = YES;
				CLANG_WARN_CONSTANT_CONVERSION = YES;
				CLANG_WARN_DEPRECATED_OBJC_IMPLEMENTATIONS = YES;
				CLANG_WARN_DIRECT_OBJC_ISA_USAGE = YES_ERROR;
				CLANG_WARN_DOCUMENTATION_COMMENTS = YES;
				CLANG_WARN_EMPTY_BODY = YES;
				CLANG_WARN_ENUM_CONVERSION = YES;
				CLANG_WARN_INFINITE_RECURSION = YES;
				CLANG_WARN_INT_CONVERSION = YES;
				CLANG_WARN_NON_LITERAL_NULL_CONVERSION = YES;
				CLANG_WARN_OBJC_IMPLICIT_RETAIN_SELF = YES;
				CLANG_WARN_OBJC_LITERAL_CONVERSION = YES;
				CLANG_WARN_OBJC_ROOT_CLASS = YES_ERROR;
				CLANG_WARN_QUOTED_INCLUDE_IN_FRAMEWORK_HEADER = YES;
				CLANG_WARN_RANGE_LOOP_ANALYSIS = YES;
				CLANG_WARN_STRICT_PROTOTYPES = YES;
				CLANG_WARN_SUSPICIOUS_MOVE = YES;
				CLANG_WARN_UNGUARDED_AVAILABILITY = YES_AGGRESSIVE;
				CLANG_WARN_UNREACHABLE_CODE = YES;
				CLANG_WARN__DUPLICATE_METHOD_MATCH = YES;
				COPY_PHASE_STRIP = NO;
				DEBUG_INFORMATION_FORMAT = dwarf;
				ENABLE_STRICT_OBJC_MSGSEND = YES;
				ENABLE_TESTABILITY = YES;
				GCC_C_LANGUAGE_STANDARD = gnu11;
				GCC_DYNAMIC_NO_PIC = NO;
				GCC_NO_COMMON_BLOCKS = YES;
				GCC_OPTIMIZATION_LEVEL = 0;
				GCC_PREPROCESSOR_DEFINITIONS = (
					"DEBUG=1",
					"$(inherited)",
				);
				GCC_WARN_64_TO_32_BIT_CONVERSION = YES;
				GCC_WARN_ABOUT_RETURN_TYPE = YES_ERROR;
				GCC_WARN_UNDECLARED_SELECTOR = YES;
				GCC_WARN_UNINITIALIZED_AUTOS = YES_AGGRESSIVE;
				GCC_WARN_UNUSED_FUNCTION = YES;
				GCC_WARN_UNUSED_VARIABLE = YES;
				IPHONEOS_DEPLOYMENT_TARGET = 15.2;
				MTL_ENABLE_DEBUG_INFO = INCLUDE_SOURCE;
				MTL_FAST_MATH = YES;
				ONLY_ACTIVE_ARCH = YES;
				SDKROOT = iphoneos;
				SWIFT_ACTIVE_COMPILATION_CONDITIONS = DEBUG;
				SWIFT_OPTIMIZATION_LEVEL = "-Onone";
			};
			name = Debug;
		};
		59FBFB49279AC6E5005EA062 /* Release */ = {
			isa = XCBuildConfiguration;
			buildSettings = {
				ALWAYS_SEARCH_USER_PATHS = NO;
				CLANG_ANALYZER_NONNULL = YES;
				CLANG_ANALYZER_NUMBER_OBJECT_CONVERSION = YES_AGGRESSIVE;
				CLANG_CXX_LANGUAGE_STANDARD = "gnu++17";
				CLANG_CXX_LIBRARY = "libc++";
				CLANG_ENABLE_MODULES = YES;
				CLANG_ENABLE_OBJC_ARC = YES;
				CLANG_ENABLE_OBJC_WEAK = YES;
				CLANG_WARN_BLOCK_CAPTURE_AUTORELEASING = YES;
				CLANG_WARN_BOOL_CONVERSION = YES;
				CLANG_WARN_COMMA = YES;
				CLANG_WARN_CONSTANT_CONVERSION = YES;
				CLANG_WARN_DEPRECATED_OBJC_IMPLEMENTATIONS = YES;
				CLANG_WARN_DIRECT_OBJC_ISA_USAGE = YES_ERROR;
				CLANG_WARN_DOCUMENTATION_COMMENTS = YES;
				CLANG_WARN_EMPTY_BODY = YES;
				CLANG_WARN_ENUM_CONVERSION = YES;
				CLANG_WARN_INFINITE_RECURSION = YES;
				CLANG_WARN_INT_CONVERSION = YES;
				CLANG_WARN_NON_LITERAL_NULL_CONVERSION = YES;
				CLANG_WARN_OBJC_IMPLICIT_RETAIN_SELF = YES;
				CLANG_WARN_OBJC_LITERAL_CONVERSION = YES;
				CLANG_WARN_OBJC_ROOT_CLASS = YES_ERROR;
				CLANG_WARN_QUOTED_INCLUDE_IN_FRAMEWORK_HEADER = YES;
				CLANG_WARN_RANGE_LOOP_ANALYSIS = YES;
				CLANG_WARN_STRICT_PROTOTYPES = YES;
				CLANG_WARN_SUSPICIOUS_MOVE = YES;
				CLANG_WARN_UNGUARDED_AVAILABILITY = YES_AGGRESSIVE;
				CLANG_WARN_UNREACHABLE_CODE = YES;
				CLANG_WARN__DUPLICATE_METHOD_MATCH = YES;
				COPY_PHASE_STRIP = NO;
				DEBUG_INFORMATION_FORMAT = "dwarf-with-dsym";
				ENABLE_NS_ASSERTIONS = NO;
				ENABLE_STRICT_OBJC_MSGSEND = YES;
				GCC_C_LANGUAGE_STANDARD = gnu11;
				GCC_NO_COMMON_BLOCKS = YES;
				GCC_WARN_64_TO_32_BIT_CONVERSION = YES;
				GCC_WARN_ABOUT_RETURN_TYPE = YES_ERROR;
				GCC_WARN_UNDECLARED_SELECTOR = YES;
				GCC_WARN_UNINITIALIZED_AUTOS = YES_AGGRESSIVE;
				GCC_WARN_UNUSED_FUNCTION = YES;
				GCC_WARN_UNUSED_VARIABLE = YES;
				IPHONEOS_DEPLOYMENT_TARGET = 15.2;
				MTL_ENABLE_DEBUG_INFO = NO;
				MTL_FAST_MATH = YES;
				SDKROOT = iphoneos;
				SWIFT_COMPILATION_MODE = wholemodule;
				SWIFT_OPTIMIZATION_LEVEL = "-O";
				VALIDATE_PRODUCT = YES;
			};
			name = Release;
		};
		59FBFB4B279AC6E5005EA062 /* Debug */ = {
			isa = XCBuildConfiguration;
			buildSettings = {
				ASSETCATALOG_COMPILER_APPICON_NAME = AppIcon;
				ASSETCATALOG_COMPILER_GLOBAL_ACCENT_COLOR_NAME = AccentColor;
				CODE_SIGN_STYLE = Automatic;
				CURRENT_PROJECT_VERSION = 1;
				GENERATE_INFOPLIST_FILE = YES;
				INFOPLIST_FILE = RickAndMortyApp/SupportFiles/Info.plist;
				INFOPLIST_KEY_UIApplicationSupportsIndirectInputEvents = YES;
				INFOPLIST_KEY_UILaunchStoryboardName = LaunchScreen;
				INFOPLIST_KEY_UIMainStoryboardFile = Main;
				INFOPLIST_KEY_UISupportedInterfaceOrientations_iPad = "UIInterfaceOrientationPortrait UIInterfaceOrientationPortraitUpsideDown UIInterfaceOrientationLandscapeLeft UIInterfaceOrientationLandscapeRight";
				INFOPLIST_KEY_UISupportedInterfaceOrientations_iPhone = "UIInterfaceOrientationPortrait UIInterfaceOrientationLandscapeLeft UIInterfaceOrientationLandscapeRight";
				LD_RUNPATH_SEARCH_PATHS = (
					"$(inherited)",
					"@executable_path/Frameworks",
				);
				MARKETING_VERSION = 1.0;
				PRODUCT_BUNDLE_IDENTIFIER = "Alexey-Kulish.RickAndMortyApp";
				PRODUCT_NAME = "$(TARGET_NAME)";
				SWIFT_EMIT_LOC_STRINGS = YES;
				SWIFT_VERSION = 5.0;
				TARGETED_DEVICE_FAMILY = "1,2";
			};
			name = Debug;
		};
		59FBFB4C279AC6E5005EA062 /* Release */ = {
			isa = XCBuildConfiguration;
			buildSettings = {
				ASSETCATALOG_COMPILER_APPICON_NAME = AppIcon;
				ASSETCATALOG_COMPILER_GLOBAL_ACCENT_COLOR_NAME = AccentColor;
				CODE_SIGN_STYLE = Automatic;
				CURRENT_PROJECT_VERSION = 1;
				GENERATE_INFOPLIST_FILE = YES;
				INFOPLIST_FILE = RickAndMortyApp/SupportFiles/Info.plist;
				INFOPLIST_KEY_UIApplicationSupportsIndirectInputEvents = YES;
				INFOPLIST_KEY_UILaunchStoryboardName = LaunchScreen;
				INFOPLIST_KEY_UIMainStoryboardFile = Main;
				INFOPLIST_KEY_UISupportedInterfaceOrientations_iPad = "UIInterfaceOrientationPortrait UIInterfaceOrientationPortraitUpsideDown UIInterfaceOrientationLandscapeLeft UIInterfaceOrientationLandscapeRight";
				INFOPLIST_KEY_UISupportedInterfaceOrientations_iPhone = "UIInterfaceOrientationPortrait UIInterfaceOrientationLandscapeLeft UIInterfaceOrientationLandscapeRight";
				LD_RUNPATH_SEARCH_PATHS = (
					"$(inherited)",
					"@executable_path/Frameworks",
				);
				MARKETING_VERSION = 1.0;
				PRODUCT_BUNDLE_IDENTIFIER = "Alexey-Kulish.RickAndMortyApp";
				PRODUCT_NAME = "$(TARGET_NAME)";
				SWIFT_EMIT_LOC_STRINGS = YES;
				SWIFT_VERSION = 5.0;
				TARGETED_DEVICE_FAMILY = "1,2";
			};
			name = Release;
		};
/* End XCBuildConfiguration section */

/* Begin XCConfigurationList section */
		59FBFB31279AC6E1005EA062 /* Build configuration list for PBXProject "RickAndMortyApp" */ = {
			isa = XCConfigurationList;
			buildConfigurations = (
				59FBFB48279AC6E5005EA062 /* Debug */,
				59FBFB49279AC6E5005EA062 /* Release */,
			);
			defaultConfigurationIsVisible = 0;
			defaultConfigurationName = Release;
		};
		59FBFB4A279AC6E5005EA062 /* Build configuration list for PBXNativeTarget "RickAndMortyApp" */ = {
			isa = XCConfigurationList;
			buildConfigurations = (
				59FBFB4B279AC6E5005EA062 /* Debug */,
				59FBFB4C279AC6E5005EA062 /* Release */,
			);
			defaultConfigurationIsVisible = 0;
			defaultConfigurationName = Release;
		};
/* End XCConfigurationList section */
	};
	rootObject = 59FBFB2E279AC6E1005EA062 /* Project object */;
}
